{
  "version": 4,
  "terraform_version": "1.13.5",
  "serial": 123,
  "lineage": "b3d86566-f8a3-fb01-b86f-77c6dc03f273",
  "outputs": {},
  "resources": [
    {
      "mode": "data",
      "type": "google_project",
      "name": "current",
      "provider": "provider[\"registry.terraform.io/hashicorp/google\"]",
      "instances": [
        {
          "schema_version": 0,
          "attributes": {
            "auto_create_network": null,
            "billing_account": "014692-F53305-355B81",
            "deletion_policy": "PREVENT",
            "effective_labels": {
              "firebase": "enabled",
              "firebase-core": "disabled"
            },
            "folder_id": "",
            "id": "projects/iai-chatbot-1",
            "labels": {
              "firebase": "enabled",
              "firebase-core": "disabled"
            },
            "name": "IAI Chatbot 1",
            "number": "546077050389",
            "org_id": "872700725023",
            "project_id": "iai-chatbot-1",
            "tags": null,
            "terraform_labels": {
              "firebase": "enabled",
              "firebase-core": "disabled"
            }
          },
          "sensitive_attributes": [],
          "identity_schema_version": 0
        }
      ]
    },
    {
      "mode": "managed",
      "type": "google_cloudfunctions2_function",
      "name": "cf_standard",
      "provider": "provider[\"registry.terraform.io/hashicorp/google\"]",
      "instances": [
        {
          "schema_version": 0,
          "attributes": {
            "build_config": [
              {
                "automatic_update_policy": [
                  {}
                ],
                "build": "projects/546077050389/locations/europe-west2/builds/c49abe20-7c61-4aed-ac10-2a57b2324022",
                "docker_repository": "projects/iai-chatbot-1/locations/europe-west2/repositories/gcf-artifacts",
                "entry_point": "cf_lead_capture_handler",
                "environment_variables": {},
                "on_deploy_update_policy": [],
                "runtime": "python311",
                "service_account": "projects/iai-chatbot-1/serviceAccounts/546077050389-compute@developer.gserviceaccount.com",
                "source": [
                  {
                    "repo_source": [],
                    "storage_source": [
                      {
                        "bucket": "iai-chatbot-1-cf-source-code",
                        "generation": 1762941538175152,
                        "object": "source.zip"
                      }
                    ]
                  }
                ],
                "worker_pool": ""
              }
            ],
            "description": "Standard secure function deployed via CF_DEPLOY module.",
            "effective_labels": {
              "goog-terraform-provisioned": "true"
            },
            "environment": "GEN_2",
            "event_trigger": [],
            "id": "projects/iai-chatbot-1/locations/europe-west2/functions/lead-capture-handler",
            "kms_key_name": "",
            "labels": {},
            "location": "europe-west2",
            "name": "lead-capture-handler",
            "project": "iai-chatbot-1",
            "service_config": [
              {
                "all_traffic_on_latest_revision": true,
                "available_cpu": "167m",
                "available_memory": "256Mi",
                "binary_authorization_policy": "",
                "environment_variables": {
                  "LOG_EXECUTION_ID": "true"
                },
                "gcf_uri": "",
                "ingress_settings": "ALLOW_INTERNAL_ONLY",
                "max_instance_count": 5,
                "max_instance_request_concurrency": 1,
                "min_instance_count": 0,
                "secret_environment_variables": [
                  {
                    "key": "CRM_API_KEY",
                    "project_id": "iai-chatbot-1",
                    "secret": "crm-api-key",
                    "version": "latest"
                  }
                ],
                "secret_volumes": [],
                "service": "projects/iai-chatbot-1/locations/europe-west2/services/lead-capture-handler",
                "service_account_email": "lead-capture-handler-sa@iai-chatbot-1.iam.gserviceaccount.com",
                "timeout_seconds": 60,
                "uri": "https://lead-capture-handler-u64encpweq-nw.a.run.app",
                "vpc_connector": "",
                "vpc_connector_egress_settings": ""
              }
            ],
            "state": "ACTIVE",
            "terraform_labels": {
              "goog-terraform-provisioned": "true"
            },
            "timeouts": null,
            "update_time": "2025-11-13T18:05:00.595283649Z",
            "url": "https://europe-west2-iai-chatbot-1.cloudfunctions.net/lead-capture-handler"
          },
          "sensitive_attributes": [],
          "identity_schema_version": 0,
          "private": "eyJlMmJmYjczMC1lY2FhLTExZTYtOGY4OC0zNDM2M2JjN2M0YzAiOnsiY3JlYXRlIjozNjAwMDAwMDAwMDAwLCJkZWxldGUiOjM2MDAwMDAwMDAwMDAsInVwZGF0ZSI6MzYwMDAwMDAwMDAwMH19",
          "dependencies": [
            "data.google_project.current",
            "google_project_iam_member.cloudbuild_artifact_registry_writer",
            "google_project_iam_member.compute_sa_artifact_registry_writer",
            "google_project_service.artifactregistry_api",
            "google_service_account.function_sa",
            "google_storage_bucket.source_bucket",
            "google_storage_bucket_iam_member.cloudbuild_gcs_reader",
            "google_storage_bucket_object.source_zip"
          ]
        }
      ]
    },
    {
      "mode": "managed",
      "type": "google_cloudfunctions2_function_iam_member",
      "name": "agent_invokes_cf",
      "provider": "provider[\"registry.terraform.io/hashicorp/google-beta\"].beta",
      "instances": [
        {
          "schema_version": 0,
          "attributes": {
            "cloud_function": "projects/iai-chatbot-1/locations/europe-west2/functions/lead-capture-handler",
            "condition": [],
            "etag": "BwZDfbgx/TY=",
            "id": "projects/iai-chatbot-1/locations/europe-west2/functions/lead-capture-handler/roles/cloudfunctions.invoker/serviceAccount:service-546077050389@gcp-sa-dialogflow.iam.gserviceaccount.com",
            "location": "europe-west2",
            "member": "serviceAccount:service-546077050389@gcp-sa-dialogflow.iam.gserviceaccount.com",
            "project": "iai-chatbot-1",
            "role": "roles/cloudfunctions.invoker"
          },
          "sensitive_attributes": [],
          "identity_schema_version": 0,
          "private": "bnVsbA==",
          "dependencies": [
            "google_project_service.dialogflow_api",
            "google_project_service_identity.dialogflow_agent"
          ]
        }
      ]
    },
    {
      "mode": "managed",
      "type": "google_dialogflow_cx_agent",
      "name": "default_agent",
      "provider": "provider[\"registry.terraform.io/hashicorp/google-beta\"].beta",
      "instances": [
        {
          "schema_version": 0,
          "attributes": {
            "advanced_settings": [
              {
                "audio_export_gcs_destination": [],
                "dtmf_settings": [],
                "logging_settings": [],
                "speech_settings": []
              }
            ],
            "answer_feedback_settings": [],
            "avatar_uri": "",
            "client_certificate_settings": [],
            "default_language_code": "en",
            "delete_chat_engine_on_destroy": false,
            "description": "",
            "display_name": "Industrialized Chatbot Agent",
            "enable_multi_language_training": false,
            "enable_spell_correction": false,
            "enable_stackdriver_logging": null,
            "gen_app_builder_settings": [
              {
                "engine": "projects/iai-chatbot-1/locations/global/collections/default_collection/dataStores/industrial-chatbot-knowledge"
              }
            ],
            "git_integration_settings": [],
            "id": "projects/iai-chatbot-1/locations/europe-west2/agents/49caa866-9811-4bf2-a39e-afcb5fd5626f",
            "location": "europe-west2",
            "locked": false,
            "name": "49caa866-9811-4bf2-a39e-afcb5fd5626f",
            "personalization_settings": [],
            "project": "iai-chatbot-1",
            "satisfies_pzi": true,
            "satisfies_pzs": true,
            "security_settings": "",
            "speech_to_text_settings": [],
            "start_flow": "projects/iai-chatbot-1/locations/europe-west2/agents/49caa866-9811-4bf2-a39e-afcb5fd5626f/flows/00000000-0000-0000-0000-000000000000",
            "start_playbook": null,
            "supported_language_codes": [],
            "text_to_speech_settings": [],
            "time_zone": "Europe/London",
            "timeouts": null
          },
          "sensitive_attributes": [],
          "identity_schema_version": 0,
          "private": "eyJlMmJmYjczMC1lY2FhLTExZTYtOGY4OC0zNDM2M2JjN2M0YzAiOnsiY3JlYXRlIjoyNDAwMDAwMDAwMDAwLCJkZWxldGUiOjEyMDAwMDAwMDAwMDAsInVwZGF0ZSI6MjQwMDAwMDAwMDAwMH19",
          "dependencies": [
            "google_discovery_engine_data_store.agent_knowledge",
            "google_project_service.dialogflow_api",
            "google_project_service.discoveryengine_api",
            "google_project_service_identity.dialogflow_agent"
          ]
        }
      ]
    },
    {
      "mode": "managed",
      "type": "google_discovery_engine_data_store",
      "name": "agent_knowledge",
      "provider": "provider[\"registry.terraform.io/hashicorp/google-beta\"].beta",
      "instances": [
        {
          "schema_version": 0,
          "attributes": {
            "advanced_site_search_config": [],
            "content_config": "NO_CONTENT",
            "create_advanced_site_search": false,
            "create_time": "2025-11-13T18:11:07.473810Z",
            "data_store_id": "industrial-chatbot-knowledge",
            "default_schema_id": "default_schema",
            "display_name": "Industrial Chatbot Knowledge",
            "document_processing_config": [],
            "id": "projects/iai-chatbot-1/locations/global/collections/default_collection/dataStores/industrial-chatbot-knowledge",
            "industry_vertical": "GENERIC",
            "kms_key_name": null,
            "location": "global",
            "name": "projects/546077050389/locations/global/collections/default_collection/dataStores/industrial-chatbot-knowledge",
            "project": "iai-chatbot-1",
            "skip_default_schema_creation": false,
            "solution_types": [
              "SOLUTION_TYPE_CHAT"
            ],
            "timeouts": null
          },
          "sensitive_attributes": [],
          "identity_schema_version": 0,
          "private": "eyJlMmJmYjczMC1lY2FhLTExZTYtOGY4OC0zNDM2M2JjN2M0YzAiOnsiY3JlYXRlIjoxMjAwMDAwMDAwMDAwLCJkZWxldGUiOjEyMDAwMDAwMDAwMDAsInVwZGF0ZSI6MTIwMDAwMDAwMDAwMH19",
          "dependencies": [
            "google_project_service.discoveryengine_api"
          ]
        }
      ]
    },
    {
      "mode": "managed",
      "type": "google_project_iam_member",
      "name": "agent_firestore_user",
      "provider": "provider[\"registry.terraform.io/hashicorp/google-beta\"].beta",
      "instances": [
        {
          "schema_version": 0,
          "attributes": {
            "condition": [],
            "etag": "BwZDyxmTUt4=",
            "id": "iai-chatbot-1/roles/datastore.user/serviceAccount:service-546077050389@gcp-sa-dialogflow.iam.gserviceaccount.com",
            "member": "serviceAccount:service-546077050389@gcp-sa-dialogflow.iam.gserviceaccount.com",
            "project": "iai-chatbot-1",
            "role": "roles/datastore.user"
          },
          "sensitive_attributes": [],
          "identity_schema_version": 0,
          "private": "bnVsbA==",
          "dependencies": [
            "google_dialogflow_cx_agent.default_agent",
            "google_discovery_engine_data_store.agent_knowledge",
            "google_project_service.dialogflow_api",
            "google_project_service.discoveryengine_api",
            "google_project_service_identity.dialogflow_agent"
          ]
        }
      ]
    },
    {
      "mode": "managed",
      "type": "google_project_iam_member",
      "name": "agent_secret_accessor",
      "provider": "provider[\"registry.terraform.io/hashicorp/google-beta\"].beta",
      "instances": [
        {
          "schema_version": 0,
          "attributes": {
            "condition": [],
            "etag": "BwZDyxmTUt4=",
            "id": "iai-chatbot-1/roles/secretmanager.secretAccessor/serviceAccount:service-546077050389@gcp-sa-dialogflow.iam.gserviceaccount.com",
            "member": "serviceAccount:service-546077050389@gcp-sa-dialogflow.iam.gserviceaccount.com",
            "project": "iai-chatbot-1",
            "role": "roles/secretmanager.secretAccessor"
          },
          "sensitive_attributes": [],
          "identity_schema_version": 0,
          "private": "bnVsbA==",
          "dependencies": [
            "google_dialogflow_cx_agent.default_agent",
            "google_discovery_engine_data_store.agent_knowledge",
            "google_project_service.dialogflow_api",
            "google_project_service.discoveryengine_api",
            "google_project_service_identity.dialogflow_agent"
          ]
        }
      ]
    },
    {
      "mode": "managed",
      "type": "google_project_iam_member",
      "name": "cloudbuild_artifact_registry_writer",
      "provider": "provider[\"registry.terraform.io/hashicorp/google\"]",
      "instances": [
        {
          "schema_version": 0,
          "attributes": {
            "condition": [],
            "etag": "BwZDyxmTUt4=",
            "id": "iai-chatbot-1/roles/artifactregistry.writer/serviceAccount:546077050389@cloudbuild.gserviceaccount.com",
            "member": "serviceAccount:546077050389@cloudbuild.gserviceaccount.com",
            "project": "iai-chatbot-1",
            "role": "roles/artifactregistry.writer"
          },
          "sensitive_attributes": [],
          "identity_schema_version": 0,
          "private": "bnVsbA==",
          "dependencies": [
            "data.google_project.current",
            "google_project_service.artifactregistry_api"
          ]
        }
      ]
    },
    {
      "mode": "managed",
      "type": "google_project_iam_member",
      "name": "compute_sa_artifact_registry_writer",
      "provider": "provider[\"registry.terraform.io/hashicorp/google\"]",
      "instances": [
        {
          "schema_version": 0,
          "attributes": {
            "condition": [],
            "etag": "BwZDyxmTUt4=",
            "id": "iai-chatbot-1/roles/artifactregistry.writer/serviceAccount:546077050389-compute@developer.gserviceaccount.com",
            "member": "serviceAccount:546077050389-compute@developer.gserviceaccount.com",
            "project": "iai-chatbot-1",
            "role": "roles/artifactregistry.writer"
          },
          "sensitive_attributes": [],
          "identity_schema_version": 0,
          "private": "bnVsbA==",
          "dependencies": [
            "data.google_project.current",
            "google_project_service.artifactregistry_api"
          ]
        }
      ]
    },
    {
      "mode": "managed",
      "type": "google_project_service",
      "name": "artifactregistry_api",
      "provider": "provider[\"registry.terraform.io/hashicorp/google\"]",
      "instances": [
        {
          "schema_version": 0,
          "attributes": {
            "disable_dependent_services": null,
            "disable_on_destroy": false,
            "id": "iai-chatbot-1/artifactregistry.googleapis.com",
            "project": "iai-chatbot-1",
            "service": "artifactregistry.googleapis.com",
            "timeouts": null
          },
          "sensitive_attributes": [],
          "identity_schema_version": 0,
          "private": "eyJlMmJmYjczMC1lY2FhLTExZTYtOGY4OC0zNDM2M2JjN2M0YzAiOnsiY3JlYXRlIjoxMjAwMDAwMDAwMDAwLCJkZWxldGUiOjEyMDAwMDAwMDAwMDAsInJlYWQiOjYwMDAwMDAwMDAwMCwidXBkYXRlIjoxMjAwMDAwMDAwMDAwfX0="
        }
      ]
    },
    {
      "mode": "managed",
      "type": "google_project_service",
      "name": "cloudbuild_api",
      "provider": "provider[\"registry.terraform.io/hashicorp/google\"]",
      "instances": [
        {
          "schema_version": 0,
          "attributes": {
            "disable_dependent_services": null,
            "disable_on_destroy": false,
            "id": "iai-chatbot-1/cloudbuild.googleapis.com",
            "project": "iai-chatbot-1",
            "service": "cloudbuild.googleapis.com",
            "timeouts": null
          },
          "sensitive_attributes": [],
          "identity_schema_version": 0,
          "private": "eyJlMmJmYjczMC1lY2FhLTExZTYtOGY4OC0zNDM2M2JjN2M0YzAiOnsiY3JlYXRlIjoxMjAwMDAwMDAwMDAwLCJkZWxldGUiOjEyMDAwMDAwMDAwMDAsInJlYWQiOjYwMDAwMDAwMDAwMCwidXBkYXRlIjoxMjAwMDAwMDAwMDAwfX0="
        }
      ]
    },
    {
      "mode": "managed",
      "type": "google_project_service",
      "name": "dialogflow_api",
      "provider": "provider[\"registry.terraform.io/hashicorp/google-beta\"].beta",
      "instances": [
        {
          "schema_version": 0,
          "attributes": {
            "check_if_service_has_usage_on_destroy": null,
            "disable_dependent_services": null,
            "disable_on_destroy": false,
            "id": "iai-chatbot-1/dialogflow.googleapis.com",
            "project": "iai-chatbot-1",
            "service": "dialogflow.googleapis.com",
            "timeouts": null
          },
          "sensitive_attributes": [],
          "identity_schema_version": 0,
          "private": "eyJlMmJmYjczMC1lY2FhLTExZTYtOGY4OC0zNDM2M2JjN2M0YzAiOnsiY3JlYXRlIjoxMjAwMDAwMDAwMDAwLCJkZWxldGUiOjEyMDAwMDAwMDAwMDAsInJlYWQiOjYwMDAwMDAwMDAwMCwidXBkYXRlIjoxMjAwMDAwMDAwMDAwfX0="
        }
      ]
    },
    {
      "mode": "managed",
      "type": "google_project_service",
      "name": "discoveryengine_api",
      "provider": "provider[\"registry.terraform.io/hashicorp/google-beta\"].beta",
      "instances": [
        {
          "schema_version": 0,
          "attributes": {
            "check_if_service_has_usage_on_destroy": null,
            "disable_dependent_services": null,
            "disable_on_destroy": false,
            "id": "iai-chatbot-1/discoveryengine.googleapis.com",
            "project": "iai-chatbot-1",
            "service": "discoveryengine.googleapis.com",
            "timeouts": null
          },
          "sensitive_attributes": [],
          "identity_schema_version": 0,
          "private": "eyJlMmJmYjczMC1lY2FhLTExZTYtOGY4OC0zNDM2M2JjN2M0YzAiOnsiY3JlYXRlIjoxMjAwMDAwMDAwMDAwLCJkZWxldGUiOjEyMDAwMDAwMDAwMDAsInJlYWQiOjYwMDAwMDAwMDAwMCwidXBkYXRlIjoxMjAwMDAwMDAwMDAwfX0="
        }
      ]
    },
    {
      "mode": "managed",
      "type": "google_project_service",
      "name": "secretmanager_api",
      "provider": "provider[\"registry.terraform.io/hashicorp/google\"]",
      "instances": [
        {
          "schema_version": 0,
          "attributes": {
            "disable_dependent_services": null,
            "disable_on_destroy": false,
            "id": "iai-chatbot-1/secretmanager.googleapis.com",
            "project": "iai-chatbot-1",
            "service": "secretmanager.googleapis.com",
            "timeouts": null
          },
          "sensitive_attributes": [],
          "identity_schema_version": 0,
          "private": "eyJlMmJmYjczMC1lY2FhLTExZTYtOGY4OC0zNDM2M2JjN2M0YzAiOnsiY3JlYXRlIjoxMjAwMDAwMDAwMDAwLCJkZWxldGUiOjEyMDAwMDAwMDAwMDAsInJlYWQiOjYwMDAwMDAwMDAwMCwidXBkYXRlIjoxMjAwMDAwMDAwMDAwfX0="
        }
      ]
    },
    {
      "mode": "managed",
      "type": "google_project_service",
      "name": "vertex_api",
      "provider": "provider[\"registry.terraform.io/hashicorp/google-beta\"].beta",
      "instances": [
        {
          "schema_version": 0,
          "attributes": {
            "check_if_service_has_usage_on_destroy": null,
            "disable_dependent_services": null,
            "disable_on_destroy": false,
            "id": "iai-chatbot-1/aiplatform.googleapis.com",
            "project": "iai-chatbot-1",
            "service": "aiplatform.googleapis.com",
            "timeouts": null
          },
          "sensitive_attributes": [],
          "identity_schema_version": 0,
          "private": "eyJlMmJmYjczMC1lY2FhLTExZTYtOGY4OC0zNDM2M2JjN2M0YzAiOnsiY3JlYXRlIjoxMjAwMDAwMDAwMDAwLCJkZWxldGUiOjEyMDAwMDAwMDAwMDAsInJlYWQiOjYwMDAwMDAwMDAwMCwidXBkYXRlIjoxMjAwMDAwMDAwMDAwfX0="
        }
      ]
    },
    {
      "mode": "managed",
      "type": "google_project_service_identity",
      "name": "dialogflow_agent",
      "provider": "provider[\"registry.terraform.io/hashicorp/google-beta\"].beta",
      "instances": [
        {
          "schema_version": 0,
          "attributes": {
            "email": "service-546077050389@gcp-sa-dialogflow.iam.gserviceaccount.com",
            "id": "projects/iai-chatbot-1/services/dialogflow.googleapis.com",
            "member": "serviceAccount:service-546077050389@gcp-sa-dialogflow.iam.gserviceaccount.com",
            "project": "iai-chatbot-1",
            "service": "dialogflow.googleapis.com",
            "timeouts": null
          },
          "sensitive_attributes": [],
          "identity_schema_version": 0,
          "private": "eyJlMmJmYjczMC1lY2FhLTExZTYtOGY4OC0zNDM2M2JjN2M0YzAiOnsiY3JlYXRlIjoxMjAwMDAwMDAwMDAwLCJkZWxldGUiOjEyMDAwMDAwMDAwMDAsInJlYWQiOjYwMDAwMDAwMDAwMH19",
          "dependencies": [
            "google_project_service.dialogflow_api"
          ]
        }
      ]
    },
    {
      "mode": "managed",
      "type": "google_secret_manager_secret",
      "name": "crm_api_key_secret",
      "provider": "provider[\"registry.terraform.io/hashicorp/google\"]",
      "instances": [
        {
          "schema_version": 0,
          "attributes": {
            "annotations": {},
            "create_time": "2025-11-13T14:50:52.214400Z",
            "deletion_protection": false,
            "effective_annotations": {},
            "effective_labels": {
              "goog-terraform-provisioned": "true"
            },
            "expire_time": "",
            "id": "projects/iai-chatbot-1/secrets/crm-api-key",
            "labels": {},
            "name": "projects/546077050389/secrets/crm-api-key",
            "project": "iai-chatbot-1",
            "replication": [
              {
                "auto": [],
                "user_managed": [
                  {
                    "replicas": [
                      {
                        "customer_managed_encryption": [],
                        "location": "europe-west2"
                      }
                    ]
                  }
                ]
              }
            ],
            "rotation": [],
            "secret_id": "crm-api-key",
            "tags": null,
            "terraform_labels": {
              "goog-terraform-provisioned": "true"
            },
            "timeouts": null,
            "topics": [],
            "ttl": null,
            "version_aliases": {},
            "version_destroy_ttl": ""
          },
          "sensitive_attributes": [],
          "identity_schema_version": 0,
          "private": "eyJlMmJmYjczMC1lY2FhLTExZTYtOGY4OC0zNDM2M2JjN2M0YzAiOnsiY3JlYXRlIjoxMjAwMDAwMDAwMDAwLCJkZWxldGUiOjEyMDAwMDAwMDAwMDAsInVwZGF0ZSI6MTIwMDAwMDAwMDAwMH19",
          "dependencies": [
            "google_project_service.secretmanager_api"
          ]
        }
      ]
    },
    {
      "mode": "managed",
      "type": "google_secret_manager_secret_iam_member",
      "name": "secret_accessor",
      "provider": "provider[\"registry.terraform.io/hashicorp/google\"]",
      "instances": [
        {
          "schema_version": 0,
          "attributes": {
            "condition": [],
            "etag": "BwZDewIIogo=",
            "id": "projects/iai-chatbot-1/secrets/crm-api-key/roles/secretmanager.secretAccessor/serviceAccount:lead-capture-handler-sa@iai-chatbot-1.iam.gserviceaccount.com",
            "member": "serviceAccount:lead-capture-handler-sa@iai-chatbot-1.iam.gserviceaccount.com",
            "project": "iai-chatbot-1",
            "role": "roles/secretmanager.secretAccessor",
            "secret_id": "projects/iai-chatbot-1/secrets/crm-api-key"
          },
          "sensitive_attributes": [],
          "identity_schema_version": 0,
          "private": "bnVsbA==",
          "dependencies": [
            "google_project_service.secretmanager_api",
            "google_secret_manager_secret.crm_api_key_secret",
            "google_service_account.function_sa"
          ]
        }
      ]
    },
    {
      "mode": "managed",
      "type": "google_service_account",
      "name": "function_sa",
      "provider": "provider[\"registry.terraform.io/hashicorp/google\"]",
      "instances": [
        {
          "schema_version": 0,
          "attributes": {
            "account_id": "lead-capture-handler-sa",
            "create_ignore_already_exists": null,
            "description": "",
            "disabled": false,
            "display_name": "SA for lead-capture-handler",
            "email": "lead-capture-handler-sa@iai-chatbot-1.iam.gserviceaccount.com",
            "id": "projects/iai-chatbot-1/serviceAccounts/lead-capture-handler-sa@iai-chatbot-1.iam.gserviceaccount.com",
            "member": "serviceAccount:lead-capture-handler-sa@iai-chatbot-1.iam.gserviceaccount.com",
            "name": "projects/iai-chatbot-1/serviceAccounts/lead-capture-handler-sa@iai-chatbot-1.iam.gserviceaccount.com",
            "project": "iai-chatbot-1",
            "timeouts": null,
            "unique_id": "118035591324285787496"
          },
          "sensitive_attributes": [],
          "identity_schema_version": 0,
          "private": "eyJlMmJmYjczMC1lY2FhLTExZTYtOGY4OC0zNDM2M2JjN2M0YzAiOnsiY3JlYXRlIjozMDAwMDAwMDAwMDB9fQ=="
        }
      ]
    },
    {
      "mode": "managed",
      "type": "google_service_account_iam_member",
      "name": "cf_run_sa_user",
      "provider": "provider[\"registry.terraform.io/hashicorp/google\"]",
      "instances": [
        {
          "schema_version": 0,
          "attributes": {
            "condition": [],
            "etag": "BwZDVMaRiB0=",
            "id": "projects/iai-chatbot-1/serviceAccounts/lead-capture-handler-sa@iai-chatbot-1.iam.gserviceaccount.com/roles/iam.serviceAccountUser/serviceAccount:service-546077050389@serverless-robot-prod.iam.gserviceaccount.com",
            "member": "serviceAccount:service-546077050389@serverless-robot-prod.iam.gserviceaccount.com",
            "role": "roles/iam.serviceAccountUser",
            "service_account_id": "projects/iai-chatbot-1/serviceAccounts/lead-capture-handler-sa@iai-chatbot-1.iam.gserviceaccount.com"
          },
          "sensitive_attributes": [],
          "identity_schema_version": 0,
          "private": "bnVsbA==",
          "dependencies": [
            "data.google_project.current",
            "google_service_account.function_sa"
          ]
        }
      ]
    },
    {
      "mode": "managed",
      "type": "google_service_account_iam_member",
      "name": "cf_sa_user",
      "provider": "provider[\"registry.terraform.io/hashicorp/google\"]",
      "instances": [
        {
          "schema_version": 0,
          "attributes": {
            "condition": [],
            "etag": "BwZDVMaRiB0=",
            "id": "projects/iai-chatbot-1/serviceAccounts/lead-capture-handler-sa@iai-chatbot-1.iam.gserviceaccount.com/roles/iam.serviceAccountUser/serviceAccount:546077050389@cloudbuild.gserviceaccount.com",
            "member": "serviceAccount:546077050389@cloudbuild.gserviceaccount.com",
            "role": "roles/iam.serviceAccountUser",
            "service_account_id": "projects/iai-chatbot-1/serviceAccounts/lead-capture-handler-sa@iai-chatbot-1.iam.gserviceaccount.com"
          },
          "sensitive_attributes": [],
          "identity_schema_version": 0,
          "private": "bnVsbA==",
          "dependencies": [
            "data.google_project.current",
            "google_service_account.function_sa"
          ]
        }
      ]
    },
    {
      "mode": "managed",
      "type": "google_storage_bucket",
      "name": "source_bucket",
      "provider": "provider[\"registry.terraform.io/hashicorp/google\"]",
      "instances": [
        {
          "schema_version": 4,
          "attributes": {
            "autoclass": [],
            "cors": [],
            "custom_placement_config": [],
            "default_event_based_hold": false,
            "effective_labels": {
              "goog-terraform-provisioned": "true"
            },
            "enable_object_retention": false,
            "encryption": [],
            "force_destroy": false,
            "hierarchical_namespace": [
              {
                "enabled": false
              }
            ],
            "id": "iai-chatbot-1-cf-source-code",
            "ip_filter": [],
            "labels": {},
            "lifecycle_rule": [],
            "location": "EUROPE-WEST2",
            "logging": [],
            "name": "iai-chatbot-1-cf-source-code",
            "project": "iai-chatbot-1",
            "project_number": 546077050389,
            "public_access_prevention": "inherited",
            "requester_pays": false,
            "retention_policy": [],
            "rpo": null,
            "self_link": "https://www.googleapis.com/storage/v1/b/iai-chatbot-1-cf-source-code",
            "soft_delete_policy": [
              {
                "effective_time": "2025-11-13T14:52:30.923Z",
                "retention_duration_seconds": 604800
              }
            ],
            "storage_class": "STANDARD",
            "terraform_labels": {
              "goog-terraform-provisioned": "true"
            },
            "time_created": "2025-11-13T14:52:30.923Z",
            "timeouts": null,
            "uniform_bucket_level_access": true,
            "updated": "2025-11-13T14:52:31.742Z",
            "url": "gs://iai-chatbot-1-cf-source-code",
            "versioning": [],
            "website": []
          },
          "sensitive_attributes": [],
          "identity_schema_version": 0,
          "private": "eyJlMmJmYjczMC1lY2FhLTExZTYtOGY4OC0zNDM2M2JjN2M0YzAiOnsiY3JlYXRlIjo2MDAwMDAwMDAwMDAsInJlYWQiOjI0MDAwMDAwMDAwMCwidXBkYXRlIjoyNDAwMDAwMDAwMDB9LCJzY2hlbWFfdmVyc2lvbiI6IjQifQ=="
        }
      ]
    },
    {
      "mode": "managed",
      "type": "google_storage_bucket_iam_member",
      "name": "cloudbuild_gcs_reader",
      "provider": "provider[\"registry.terraform.io/hashicorp/google\"]",
      "instances": [
        {
          "schema_version": 0,
          "attributes": {
            "bucket": "b/iai-chatbot-1-cf-source-code",
            "condition": [],
            "etag": "CAI=",
            "id": "b/iai-chatbot-1-cf-source-code/roles/storage.objectViewer/serviceAccount:546077050389@cloudbuild.gserviceaccount.com",
            "member": "serviceAccount:546077050389@cloudbuild.gserviceaccount.com",
            "role": "roles/storage.objectViewer",
            "timeouts": null
          },
          "sensitive_attributes": [],
          "identity_schema_version": 0,
          "private": "eyJlMmJmYjczMC1lY2FhLTExZTYtOGY4OC0zNDM2M2JjN2M0YzAiOnsiY3JlYXRlIjoxMjAwMDAwMDAwMDAwfX0=",
          "dependencies": [
            "data.google_project.current",
            "google_storage_bucket.source_bucket"
          ]
        }
      ]
    },
    {
      "mode": "managed",
      "type": "google_storage_bucket_object",
      "name": "source_zip",
      "provider": "provider[\"registry.terraform.io/hashicorp/google\"]",
      "instances": [
        {
          "schema_version": 0,
          "attributes": {
            "bucket": "iai-chatbot-1-cf-source-code",
            "cache_control": "",
            "content": null,
            "content_disposition": "",
            "content_encoding": "",
            "content_language": "",
            "content_type": "application/zip",
            "crc32c": "b12Yhg==",
            "customer_encryption": [],
            "deletion_policy": null,
            "detect_md5hash": "L44jJzy3FZFeDYsfvY47PA==",
            "event_based_hold": false,
            "force_empty_content_type": null,
            "generation": 1763390305785188,
            "id": "iai-chatbot-1-cf-source-code-source.zip",
            "kms_key_name": "",
            "md5hash": "L44jJzy3FZFeDYsfvY47PA==",
            "md5hexhash": "2f8e23273cb715915e0d8b1fbd8e3b3c",
            "media_link": "https://storage.googleapis.com/download/storage/v1/b/iai-chatbot-1-cf-source-code/o/source.zip?generation=1763390305785188\u0026alt=media",
            "metadata": {},
            "name": "source.zip",
            "output_name": "source.zip",
            "retention": [],
            "self_link": "https://www.googleapis.com/storage/v1/b/iai-chatbot-1-cf-source-code/o/source.zip",
            "source": "source.zip",
            "source_md5hash": "",
            "storage_class": "STANDARD",
            "temporary_hold": false,
            "timeouts": null
          },
          "sensitive_attributes": [
            [
              {
                "type": "get_attr",
                "value": "content"
              }
            ]
          ],
          "identity_schema_version": 0,
          "private": "eyJlMmJmYjczMC1lY2FhLTExZTYtOGY4OC0zNDM2M2JjN2M0YzAiOnsiY3JlYXRlIjoyNDAwMDAwMDAwMDAsImRlbGV0ZSI6MjQwMDAwMDAwMDAwLCJ1cGRhdGUiOjI0MDAwMDAwMDAwMH19",
          "dependencies": [
            "google_storage_bucket.source_bucket"
          ]
        }
      ]
    }
  ],
  "check_results": null
}
