{
  "version": 4,
  "terraform_version": "1.13.5",
  "serial": 164,
  "lineage": "b3d86566-f8a3-fb01-b86f-77c6dc03f273",
  "outputs": {
    "function_sa_unique_id": {
      "value": "118035591324285787496",
      "type": "string"
    }
  },
  "resources": [
    {
      "mode": "data",
      "type": "google_project",
      "name": "current",
      "provider": "provider[\"registry.terraform.io/hashicorp/google\"]",
      "instances": [
        {
          "schema_version": 0,
          "attributes": {
            "auto_create_network": null,
            "billing_account": "014692-F53305-355B81",
            "deletion_policy": "PREVENT",
            "effective_labels": {
              "firebase": "enabled",
              "firebase-core": "disabled"
            },
            "folder_id": "",
            "id": "projects/iai-chatbot-1",
            "labels": {
              "firebase": "enabled",
              "firebase-core": "disabled"
            },
            "name": "IAI Chatbot 1",
            "number": "546077050389",
            "org_id": "872700725023",
            "project_id": "iai-chatbot-1",
            "tags": null,
            "terraform_labels": {
              "firebase": "enabled",
              "firebase-core": "disabled"
            }
          },
          "sensitive_attributes": [],
          "identity_schema_version": 0
        }
      ]
    },
    {
      "mode": "managed",
      "type": "google_cloudfunctions2_function",
      "name": "cf_standard",
      "provider": "provider[\"registry.terraform.io/hashicorp/google\"]",
      "instances": [
        {
          "schema_version": 0,
          "attributes": {
            "build_config": [
              {
                "automatic_update_policy": [
                  {}
                ],
                "build": "projects/546077050389/locations/europe-west2/builds/94665c41-dd45-4971-bf79-d1b60c60d108",
                "docker_repository": "projects/iai-chatbot-1/locations/europe-west2/repositories/gcf-artifacts",
                "entry_point": "cf_lead_capture_handler",
                "environment_variables": {},
                "on_deploy_update_policy": [],
                "runtime": "python311",
                "service_account": "projects/iai-chatbot-1/serviceAccounts/546077050389-compute@developer.gserviceaccount.com",
                "source": [
                  {
                    "repo_source": [],
                    "storage_source": [
                      {
                        "bucket": "iai-chatbot-1-cf-source-code",
                        "generation": 1763446864201946,
                        "object": "source.zip"
                      }
                    ]
                  }
                ],
                "worker_pool": ""
              }
            ],
            "description": "Standard secure function deployed via CF_DEPLOY module.",
            "effective_labels": {
              "goog-terraform-provisioned": "true"
            },
            "environment": "GEN_2",
            "event_trigger": [],
            "id": "projects/iai-chatbot-1/locations/europe-west2/functions/lead-capture-handler",
            "kms_key_name": "",
            "labels": {},
            "location": "europe-west2",
            "name": "lead-capture-handler",
            "project": "iai-chatbot-1",
            "service_config": [
              {
                "all_traffic_on_latest_revision": true,
                "available_cpu": "0.1666",
                "available_memory": "256Mi",
                "binary_authorization_policy": "",
                "environment_variables": {
                  "LOG_EXECUTION_ID": "true"
                },
                "gcf_uri": "",
                "ingress_settings": "ALLOW_INTERNAL_ONLY",
                "max_instance_count": 5,
                "max_instance_request_concurrency": 1,
                "min_instance_count": 0,
                "secret_environment_variables": [
                  {
                    "key": "CRM_API_KEY",
                    "project_id": "iai-chatbot-1",
                    "secret": "crm-api-key",
                    "version": "latest"
                  }
                ],
                "secret_volumes": [],
                "service": "projects/iai-chatbot-1/locations/europe-west2/services/lead-capture-handler",
                "service_account_email": "lead-capture-handler-sa@iai-chatbot-1.iam.gserviceaccount.com",
                "timeout_seconds": 60,
                "uri": "https://lead-capture-handler-u64encpweq-nw.a.run.app",
                "vpc_connector": "",
                "vpc_connector_egress_settings": ""
              }
            ],
            "state": "ACTIVE",
            "terraform_labels": {
              "goog-terraform-provisioned": "true"
            },
            "timeouts": null,
            "update_time": "2025-11-18T19:33:30.233322835Z",
            "url": "https://europe-west2-iai-chatbot-1.cloudfunctions.net/lead-capture-handler"
          },
          "sensitive_attributes": [],
          "identity_schema_version": 0,
          "private": "eyJlMmJmYjczMC1lY2FhLTExZTYtOGY4OC0zNDM2M2JjN2M0YzAiOnsiY3JlYXRlIjozNjAwMDAwMDAwMDAwLCJkZWxldGUiOjM2MDAwMDAwMDAwMDAsInVwZGF0ZSI6MzYwMDAwMDAwMDAwMH19",
          "dependencies": [
            "data.google_project.current",
            "google_project_iam_member.cloudbuild_artifact_registry_writer",
            "google_project_iam_member.compute_sa_artifact_registry_writer",
            "google_project_service.artifactregistry_api",
            "google_service_account.function_sa",
            "google_storage_bucket.source_bucket",
            "google_storage_bucket_iam_member.cloudbuild_gcs_reader",
            "google_storage_bucket_object.source_zip"
          ]
        }
      ]
    },
    {
      "mode": "managed",
      "type": "google_cloudfunctions2_function_iam_member",
      "name": "agent_invokes_cf",
      "provider": "provider[\"registry.terraform.io/hashicorp/google\"]",
      "instances": [
        {
          "schema_version": 0,
          "attributes": {
            "cloud_function": "projects/iai-chatbot-1/locations/europe-west2/functions/lead-capture-handler",
            "condition": [],
            "etag": "BwZD44nhgw4=",
            "id": "projects/iai-chatbot-1/locations/europe-west2/functions/lead-capture-handler/roles/cloudfunctions.invoker/serviceAccount:service-546077050389@gcp-sa-dialogflow.iam.gserviceaccount.com",
            "location": "europe-west2",
            "member": "serviceAccount:service-546077050389@gcp-sa-dialogflow.iam.gserviceaccount.com",
            "project": "iai-chatbot-1",
            "role": "roles/cloudfunctions.invoker"
          },
          "sensitive_attributes": [],
          "identity_schema_version": 0,
          "private": "bnVsbA==",
          "dependencies": [
            "data.google_project.current",
            "google_cloudfunctions2_function.cf_standard",
            "google_project_iam_member.cloudbuild_artifact_registry_writer",
            "google_project_iam_member.compute_sa_artifact_registry_writer",
            "google_project_service.artifactregistry_api",
            "google_service_account.function_sa",
            "google_storage_bucket.source_bucket",
            "google_storage_bucket_iam_member.cloudbuild_gcs_reader",
            "google_storage_bucket_object.source_zip"
          ]
        }
      ]
    },
    {
      "mode": "managed",
      "type": "google_firebaserules_release",
      "name": "primary",
      "provider": "provider[\"registry.terraform.io/hashicorp/google-beta\"]",
      "instances": [
        {
          "schema_version": 0,
          "attributes": {
            "create_time": "2025-11-18T14:31:53.247306Z",
            "disabled": false,
            "id": "projects/iai-chatbot-1/releases/cloud.firestore",
            "name": "cloud.firestore",
            "project": "iai-chatbot-1",
            "ruleset_name": "395b16c4-b6b3-4190-8fb2-3e5c3c21e4bf",
            "timeouts": null,
            "update_time": "2025-11-18T14:31:53.247306Z"
          },
          "sensitive_attributes": [],
          "identity_schema_version": 0,
          "private": "eyJlMmJmYjczMC1lY2FhLTExZTYtOGY4OC0zNDM2M2JjN2M0YzAiOnsiY3JlYXRlIjoxMjAwMDAwMDAwMDAwLCJkZWxldGUiOjEyMDAwMDAwMDAwMDB9fQ==",
          "dependencies": [
            "google_firebaserules_ruleset.firestore_rules",
            "google_project_service.firestore_api"
          ]
        }
      ]
    },
    {
      "mode": "managed",
      "type": "google_firebaserules_ruleset",
      "name": "firestore_rules",
      "provider": "provider[\"registry.terraform.io/hashicorp/google-beta\"]",
      "instances": [
        {
          "schema_version": 0,
          "attributes": {
            "create_time": "2025-11-18T14:30:25.719599Z",
            "id": "projects/iai-chatbot-1/rulesets/395b16c4-b6b3-4190-8fb2-3e5c3c21e4bf",
            "metadata": [
              {
                "services": [
                  "cloud.firestore"
                ]
              }
            ],
            "name": "395b16c4-b6b3-4190-8fb2-3e5c3c21e4bf",
            "project": "iai-chatbot-1",
            "source": [
              {
                "files": [
                  {
                    "content": "rules_version = '2';\r\nservice cloud.firestore {\r\n  match /databases/{database}/documents {\r\n\r\n    // Finalized Rules: UID 118035591324285787496 is the Cloud Function Service Account.\r\n\r\n    // 1. --- CHAT LOGS COLLECTION ---\r\n    // Mandatory for Compliance/Audit Trail (Section 3.5.2).\r\n    match /chat-logs/{logId} {\r\n      \r\n      // RULE 1A: Only the Bot Service Account can CREATE a new log entry.\r\n      // This enforces the Principle of Least Privilege.\r\n      allow create: if request.auth.uid == \"118035591324285787496\";\r\n\r\n      // RULE 1B: Only Authenticated Admins can READ logs (Appendix C).\r\n      allow read: if request.auth.uid != null \u0026\u0026\r\n                   exists(/databases/$(database)/documents/admins/$(request.auth.uid));\r\n\r\n      // RULE 1C: No one can manually UPDATE or DELETE a chat log. (Immutability for auditing).\r\n      allow update, delete: if false; \r\n    }\r\n\r\n    // 2. --- CLIENT KNOWLEDGE BASE (CMS) ---\r\n    // Stores content the client manages (Section 6.1.1).\r\n    match /knowledge-base/{docId} {\r\n      \r\n      // RULE 2A: Authenticated Admins can manage (read/write/update) the content.\r\n      allow read, write: if request.auth.uid != null \u0026\u0026\r\n                         exists(/databases/$(database)/documents/admins/$(request.auth.uid));\r\n\r\n      // RULE 2B: The Bot Service Account can ONLY READ the knowledge base for grounded answers.\r\n      allow read: if request.auth.uid == \"118035591324285787496\";\r\n    }\r\n\r\n    // 3. --- ADMIN USERS COLLECTION ---\r\n    // Stores a list of UIDs allowed to access the CMS and Dashboard.\r\n    match /admins/{adminId} {\r\n      \r\n      // RULE 3A: Only existing admins can read/write this list (to manage other admins).\r\n      allow read, write: if request.auth.uid != null \u0026\u0026\r\n                         exists(/databases/$(database)/documents/admins/$(request.auth.uid));\r\n    }\r\n  }\r\n}",
                    "fingerprint": "",
                    "name": "firestore.rules"
                  }
                ],
                "language": ""
              }
            ],
            "timeouts": null
          },
          "sensitive_attributes": [],
          "identity_schema_version": 0,
          "private": "eyJlMmJmYjczMC1lY2FhLTExZTYtOGY4OC0zNDM2M2JjN2M0YzAiOnsiY3JlYXRlIjoxMjAwMDAwMDAwMDAwLCJkZWxldGUiOjEyMDAwMDAwMDAwMDB9fQ==",
          "dependencies": [
            "google_project_service.firestore_api"
          ]
        }
      ]
    },
    {
      "mode": "managed",
      "type": "google_project_iam_member",
      "name": "cloudbuild_artifact_registry_writer",
      "provider": "provider[\"registry.terraform.io/hashicorp/google\"]",
      "instances": [
        {
          "schema_version": 0,
          "attributes": {
            "condition": [],
            "etag": "BwZD5ETITqs=",
            "id": "iai-chatbot-1/roles/artifactregistry.writer/serviceAccount:546077050389@cloudbuild.gserviceaccount.com",
            "member": "serviceAccount:546077050389@cloudbuild.gserviceaccount.com",
            "project": "iai-chatbot-1",
            "role": "roles/artifactregistry.writer"
          },
          "sensitive_attributes": [],
          "identity_schema_version": 0,
          "private": "bnVsbA==",
          "dependencies": [
            "data.google_project.current",
            "google_project_service.artifactregistry_api"
          ]
        }
      ]
    },
    {
      "mode": "managed",
      "type": "google_project_iam_member",
      "name": "compute_sa_artifact_registry_writer",
      "provider": "provider[\"registry.terraform.io/hashicorp/google\"]",
      "instances": [
        {
          "schema_version": 0,
          "attributes": {
            "condition": [],
            "etag": "BwZD5ETITqs=",
            "id": "iai-chatbot-1/roles/artifactregistry.writer/serviceAccount:546077050389-compute@developer.gserviceaccount.com",
            "member": "serviceAccount:546077050389-compute@developer.gserviceaccount.com",
            "project": "iai-chatbot-1",
            "role": "roles/artifactregistry.writer"
          },
          "sensitive_attributes": [],
          "identity_schema_version": 0,
          "private": "bnVsbA==",
          "dependencies": [
            "data.google_project.current",
            "google_project_service.artifactregistry_api"
          ]
        }
      ]
    },
    {
      "mode": "managed",
      "type": "google_project_service",
      "name": "artifactregistry_api",
      "provider": "provider[\"registry.terraform.io/hashicorp/google\"]",
      "instances": [
        {
          "schema_version": 0,
          "attributes": {
            "disable_dependent_services": null,
            "disable_on_destroy": false,
            "id": "iai-chatbot-1/artifactregistry.googleapis.com",
            "project": "iai-chatbot-1",
            "service": "artifactregistry.googleapis.com",
            "timeouts": null
          },
          "sensitive_attributes": [],
          "identity_schema_version": 0,
          "private": "eyJlMmJmYjczMC1lY2FhLTExZTYtOGY4OC0zNDM2M2JjN2M0YzAiOnsiY3JlYXRlIjoxMjAwMDAwMDAwMDAwLCJkZWxldGUiOjEyMDAwMDAwMDAwMDAsInJlYWQiOjYwMDAwMDAwMDAwMCwidXBkYXRlIjoxMjAwMDAwMDAwMDAwfX0="
        }
      ]
    },
    {
      "mode": "managed",
      "type": "google_project_service",
      "name": "cloudbuild_api",
      "provider": "provider[\"registry.terraform.io/hashicorp/google\"]",
      "instances": [
        {
          "schema_version": 0,
          "attributes": {
            "disable_dependent_services": null,
            "disable_on_destroy": false,
            "id": "iai-chatbot-1/cloudbuild.googleapis.com",
            "project": "iai-chatbot-1",
            "service": "cloudbuild.googleapis.com",
            "timeouts": null
          },
          "sensitive_attributes": [],
          "identity_schema_version": 0,
          "private": "eyJlMmJmYjczMC1lY2FhLTExZTYtOGY4OC0zNDM2M2JjN2M0YzAiOnsiY3JlYXRlIjoxMjAwMDAwMDAwMDAwLCJkZWxldGUiOjEyMDAwMDAwMDAwMDAsInJlYWQiOjYwMDAwMDAwMDAwMCwidXBkYXRlIjoxMjAwMDAwMDAwMDAwfX0="
        }
      ]
    },
    {
      "mode": "managed",
      "type": "google_project_service",
      "name": "firestore_api",
      "provider": "provider[\"registry.terraform.io/hashicorp/google\"]",
      "instances": [
        {
          "schema_version": 0,
          "attributes": {
            "disable_dependent_services": null,
            "disable_on_destroy": false,
            "id": "iai-chatbot-1/firestore.googleapis.com",
            "project": "iai-chatbot-1",
            "service": "firestore.googleapis.com",
            "timeouts": null
          },
          "sensitive_attributes": [],
          "identity_schema_version": 0,
          "private": "eyJlMmJmYjczMC1lY2FhLTExZTYtOGY4OC0zNDM2M2JjN2M0YzAiOnsiY3JlYXRlIjoxMjAwMDAwMDAwMDAwLCJkZWxldGUiOjEyMDAwMDAwMDAwMDAsInJlYWQiOjYwMDAwMDAwMDAwMCwidXBkYXRlIjoxMjAwMDAwMDAwMDAwfX0="
        }
      ]
    },
    {
      "mode": "managed",
      "type": "google_project_service",
      "name": "secretmanager_api",
      "provider": "provider[\"registry.terraform.io/hashicorp/google\"]",
      "instances": [
        {
          "schema_version": 0,
          "attributes": {
            "disable_dependent_services": null,
            "disable_on_destroy": false,
            "id": "iai-chatbot-1/secretmanager.googleapis.com",
            "project": "iai-chatbot-1",
            "service": "secretmanager.googleapis.com",
            "timeouts": null
          },
          "sensitive_attributes": [],
          "identity_schema_version": 0,
          "private": "eyJlMmJmYjczMC1lY2FhLTExZTYtOGY4OC0zNDM2M2JjN2M0YzAiOnsiY3JlYXRlIjoxMjAwMDAwMDAwMDAwLCJkZWxldGUiOjEyMDAwMDAwMDAwMDAsInJlYWQiOjYwMDAwMDAwMDAwMCwidXBkYXRlIjoxMjAwMDAwMDAwMDAwfX0="
        }
      ]
    },
    {
      "mode": "managed",
      "type": "google_secret_manager_secret",
      "name": "crm_api_key_secret",
      "provider": "provider[\"registry.terraform.io/hashicorp/google\"]",
      "instances": [
        {
          "schema_version": 0,
          "attributes": {
            "annotations": {},
            "create_time": "2025-11-13T14:50:52.214400Z",
            "deletion_protection": false,
            "effective_annotations": {},
            "effective_labels": {
              "goog-terraform-provisioned": "true"
            },
            "expire_time": "",
            "id": "projects/iai-chatbot-1/secrets/crm-api-key",
            "labels": {},
            "name": "projects/546077050389/secrets/crm-api-key",
            "project": "iai-chatbot-1",
            "replication": [
              {
                "auto": [],
                "user_managed": [
                  {
                    "replicas": [
                      {
                        "customer_managed_encryption": [],
                        "location": "europe-west2"
                      }
                    ]
                  }
                ]
              }
            ],
            "rotation": [],
            "secret_id": "crm-api-key",
            "tags": null,
            "terraform_labels": {
              "goog-terraform-provisioned": "true"
            },
            "timeouts": null,
            "topics": [],
            "ttl": null,
            "version_aliases": {},
            "version_destroy_ttl": ""
          },
          "sensitive_attributes": [],
          "identity_schema_version": 0,
          "private": "eyJlMmJmYjczMC1lY2FhLTExZTYtOGY4OC0zNDM2M2JjN2M0YzAiOnsiY3JlYXRlIjoxMjAwMDAwMDAwMDAwLCJkZWxldGUiOjEyMDAwMDAwMDAwMDAsInVwZGF0ZSI6MTIwMDAwMDAwMDAwMH19",
          "dependencies": [
            "google_project_service.secretmanager_api"
          ]
        }
      ]
    },
    {
      "mode": "managed",
      "type": "google_secret_manager_secret_iam_member",
      "name": "secret_accessor",
      "provider": "provider[\"registry.terraform.io/hashicorp/google\"]",
      "instances": [
        {
          "schema_version": 0,
          "attributes": {
            "condition": [],
            "etag": "BwZDewIIogo=",
            "id": "projects/iai-chatbot-1/secrets/crm-api-key/roles/secretmanager.secretAccessor/serviceAccount:lead-capture-handler-sa@iai-chatbot-1.iam.gserviceaccount.com",
            "member": "serviceAccount:lead-capture-handler-sa@iai-chatbot-1.iam.gserviceaccount.com",
            "project": "iai-chatbot-1",
            "role": "roles/secretmanager.secretAccessor",
            "secret_id": "projects/iai-chatbot-1/secrets/crm-api-key"
          },
          "sensitive_attributes": [],
          "identity_schema_version": 0,
          "private": "bnVsbA==",
          "dependencies": [
            "google_project_service.secretmanager_api",
            "google_secret_manager_secret.crm_api_key_secret",
            "google_service_account.function_sa"
          ]
        }
      ]
    },
    {
      "mode": "managed",
      "type": "google_service_account",
      "name": "function_sa",
      "provider": "provider[\"registry.terraform.io/hashicorp/google\"]",
      "instances": [
        {
          "schema_version": 0,
          "attributes": {
            "account_id": "lead-capture-handler-sa",
            "create_ignore_already_exists": null,
            "description": "",
            "disabled": false,
            "display_name": "SA for lead-capture-handler",
            "email": "lead-capture-handler-sa@iai-chatbot-1.iam.gserviceaccount.com",
            "id": "projects/iai-chatbot-1/serviceAccounts/lead-capture-handler-sa@iai-chatbot-1.iam.gserviceaccount.com",
            "member": "serviceAccount:lead-capture-handler-sa@iai-chatbot-1.iam.gserviceaccount.com",
            "name": "projects/iai-chatbot-1/serviceAccounts/lead-capture-handler-sa@iai-chatbot-1.iam.gserviceaccount.com",
            "project": "iai-chatbot-1",
            "timeouts": null,
            "unique_id": "118035591324285787496"
          },
          "sensitive_attributes": [],
          "identity_schema_version": 0,
          "private": "eyJlMmJmYjczMC1lY2FhLTExZTYtOGY4OC0zNDM2M2JjN2M0YzAiOnsiY3JlYXRlIjozMDAwMDAwMDAwMDB9fQ=="
        }
      ]
    },
    {
      "mode": "managed",
      "type": "google_service_account_iam_member",
      "name": "cf_run_sa_user",
      "provider": "provider[\"registry.terraform.io/hashicorp/google\"]",
      "instances": [
        {
          "schema_version": 0,
          "attributes": {
            "condition": [],
            "etag": "BwZDVMaRiB0=",
            "id": "projects/iai-chatbot-1/serviceAccounts/lead-capture-handler-sa@iai-chatbot-1.iam.gserviceaccount.com/roles/iam.serviceAccountUser/serviceAccount:service-546077050389@serverless-robot-prod.iam.gserviceaccount.com",
            "member": "serviceAccount:service-546077050389@serverless-robot-prod.iam.gserviceaccount.com",
            "role": "roles/iam.serviceAccountUser",
            "service_account_id": "projects/iai-chatbot-1/serviceAccounts/lead-capture-handler-sa@iai-chatbot-1.iam.gserviceaccount.com"
          },
          "sensitive_attributes": [],
          "identity_schema_version": 0,
          "private": "bnVsbA==",
          "dependencies": [
            "data.google_project.current",
            "google_service_account.function_sa"
          ]
        }
      ]
    },
    {
      "mode": "managed",
      "type": "google_service_account_iam_member",
      "name": "cf_sa_user",
      "provider": "provider[\"registry.terraform.io/hashicorp/google\"]",
      "instances": [
        {
          "schema_version": 0,
          "attributes": {
            "condition": [],
            "etag": "BwZDVMaRiB0=",
            "id": "projects/iai-chatbot-1/serviceAccounts/lead-capture-handler-sa@iai-chatbot-1.iam.gserviceaccount.com/roles/iam.serviceAccountUser/serviceAccount:546077050389@cloudbuild.gserviceaccount.com",
            "member": "serviceAccount:546077050389@cloudbuild.gserviceaccount.com",
            "role": "roles/iam.serviceAccountUser",
            "service_account_id": "projects/iai-chatbot-1/serviceAccounts/lead-capture-handler-sa@iai-chatbot-1.iam.gserviceaccount.com"
          },
          "sensitive_attributes": [],
          "identity_schema_version": 0,
          "private": "bnVsbA==",
          "dependencies": [
            "data.google_project.current",
            "google_service_account.function_sa"
          ]
        }
      ]
    },
    {
      "mode": "managed",
      "type": "google_storage_bucket_object",
      "name": "source_zip",
      "provider": "provider[\"registry.terraform.io/hashicorp/google\"]",
      "instances": [
        {
          "schema_version": 0,
          "attributes": {
            "bucket": "iai-chatbot-1-cf-source-code",
            "cache_control": "",
            "content": null,
            "content_disposition": "",
            "content_encoding": "",
            "content_language": "",
            "content_type": "application/zip",
            "crc32c": "b12Yhg==",
            "customer_encryption": [],
            "deletion_policy": null,
            "detect_md5hash": "L44jJzy3FZFeDYsfvY47PA==",
            "event_based_hold": false,
            "force_empty_content_type": null,
            "generation": 1763390305785188,
            "id": "iai-chatbot-1-cf-source-code-source.zip",
            "kms_key_name": "",
            "md5hash": "L44jJzy3FZFeDYsfvY47PA==",
            "md5hexhash": "2f8e23273cb715915e0d8b1fbd8e3b3c",
            "media_link": "https://storage.googleapis.com/download/storage/v1/b/iai-chatbot-1-cf-source-code/o/source.zip?generation=1763390305785188\u0026alt=media",
            "metadata": {},
            "name": "source.zip",
            "output_name": "source.zip",
            "retention": [],
            "self_link": "https://www.googleapis.com/storage/v1/b/iai-chatbot-1-cf-source-code/o/source.zip",
            "source": "source.zip",
            "source_md5hash": "",
            "storage_class": "STANDARD",
            "temporary_hold": false,
            "timeouts": null
          },
          "sensitive_attributes": [
            [
              {
                "type": "get_attr",
                "value": "content"
              }
            ]
          ],
          "identity_schema_version": 0,
          "private": "eyJlMmJmYjczMC1lY2FhLTExZTYtOGY4OC0zNDM2M2JjN2M0YzAiOnsiY3JlYXRlIjoyNDAwMDAwMDAwMDAsImRlbGV0ZSI6MjQwMDAwMDAwMDAwLCJ1cGRhdGUiOjI0MDAwMDAwMDAwMH19",
          "dependencies": [
            "google_storage_bucket.source_bucket"
          ]
        }
      ]
    }
  ],
  "check_results": null
}
