{
  "version": 4,
  "terraform_version": "1.13.5",
  "serial": 88,
  "lineage": "b3d86566-f8a3-fb01-b86f-77c6dc03f273",
  "outputs": {},
  "resources": [
    {
      "mode": "data",
      "type": "google_project",
      "name": "current",
      "provider": "provider[\"registry.terraform.io/hashicorp/google\"]",
      "instances": [
        {
          "schema_version": 0,
          "attributes": {
            "auto_create_network": null,
            "billing_account": "014692-F53305-355B81",
            "deletion_policy": "PREVENT",
            "effective_labels": {},
            "folder_id": "",
            "id": "projects/iai-chatbot-1",
            "labels": {},
            "name": "IAI Chatbot 1",
            "number": "546077050389",
            "org_id": "872700725023",
            "project_id": "iai-chatbot-1",
            "tags": null,
            "terraform_labels": {}
          },
          "sensitive_attributes": [],
          "identity_schema_version": 0
        }
      ]
    },
    {
      "mode": "managed",
      "type": "google_cloudfunctions2_function",
      "name": "cf_standard",
      "provider": "provider[\"registry.terraform.io/hashicorp/google\"]",
      "instances": [
        {
          "schema_version": 0,
          "attributes": {
            "build_config": [
              {
                "automatic_update_policy": [
                  {}
                ],
                "build": "projects/546077050389/locations/europe-west2/builds/57faa3b1-5ebd-4cb8-8ed7-9bf02c0f0d82",
                "docker_repository": "projects/iai-chatbot-1/locations/europe-west2/repositories/gcf-artifacts",
                "entry_point": "cf_lead_capture_handler",
                "environment_variables": {},
                "on_deploy_update_policy": [],
                "runtime": "python311",
                "service_account": "projects/iai-chatbot-1/serviceAccounts/546077050389-compute@developer.gserviceaccount.com",
                "source": [
                  {
                    "repo_source": [],
                    "storage_source": [
                      {
                        "bucket": "iai-chatbot-1-cf-source",
                        "generation": 1762941538175152,
                        "object": "source.zip"
                      }
                    ]
                  }
                ],
                "worker_pool": ""
              }
            ],
            "description": "Standard secure function deployed via CF_DEPLOY module.",
            "effective_labels": {
              "goog-terraform-provisioned": "true"
            },
            "environment": "GEN_2",
            "event_trigger": [],
            "id": "projects/iai-chatbot-1/locations/europe-west2/functions/lead-capture-handler",
            "kms_key_name": "",
            "labels": null,
            "location": "europe-west2",
            "name": "lead-capture-handler",
            "project": "iai-chatbot-1",
            "service_config": [
              {
                "all_traffic_on_latest_revision": true,
                "available_cpu": "0.1666",
                "available_memory": "256Mi",
                "binary_authorization_policy": "",
                "environment_variables": {
                  "LOG_EXECUTION_ID": "true"
                },
                "gcf_uri": "",
                "ingress_settings": "ALLOW_ALL",
                "max_instance_count": 5,
                "max_instance_request_concurrency": 1,
                "min_instance_count": 0,
                "secret_environment_variables": [
                  {
                    "key": "CRM_API_KEY",
                    "project_id": "iai-chatbot-1",
                    "secret": "CRM_API_KEY",
                    "version": "latest"
                  }
                ],
                "secret_volumes": [],
                "service": "projects/iai-chatbot-1/locations/europe-west2/services/lead-capture-handler",
                "service_account_email": "lead-capture-handler-sa@iai-chatbot-1.iam.gserviceaccount.com",
                "timeout_seconds": 60,
                "uri": "https://lead-capture-handler-u64encpweq-nw.a.run.app",
                "vpc_connector": "",
                "vpc_connector_egress_settings": ""
              }
            ],
            "state": "ACTIVE",
            "terraform_labels": {
              "goog-terraform-provisioned": "true"
            },
            "timeouts": null,
            "update_time": "2025-11-12T09:59:35.139379698Z",
            "url": "https://europe-west2-iai-chatbot-1.cloudfunctions.net/lead-capture-handler"
          },
          "sensitive_attributes": [],
          "identity_schema_version": 0,
          "private": "eyJlMmJmYjczMC1lY2FhLTExZTYtOGY4OC0zNDM2M2JjN2M0YzAiOnsiY3JlYXRlIjozNjAwMDAwMDAwMDAwLCJkZWxldGUiOjM2MDAwMDAwMDAwMDAsInVwZGF0ZSI6MzYwMDAwMDAwMDAwMH19",
          "dependencies": [
            "data.google_project.current",
            "google_project_iam_member.cloudbuild_artifact_registry_writer",
            "google_project_iam_member.compute_sa_artifact_registry_writer",
            "google_project_service.artifactregistry_api",
            "google_service_account.function_sa",
            "google_storage_bucket.source_bucket",
            "google_storage_bucket_iam_member.cloudbuild_gcs_reader",
            "google_storage_bucket_object.source_zip"
          ]
        }
      ]
    },
    {
      "mode": "managed",
      "type": "google_project_iam_member",
      "name": "cloudbuild_artifact_registry_writer",
      "provider": "provider[\"registry.terraform.io/hashicorp/google\"]",
      "instances": [
        {
          "schema_version": 0,
          "attributes": {
            "condition": [],
            "etag": "BwZDYjg+6K0=",
            "id": "iai-chatbot-1/roles/artifactregistry.writer/serviceAccount:546077050389@cloudbuild.gserviceaccount.com",
            "member": "serviceAccount:546077050389@cloudbuild.gserviceaccount.com",
            "project": "iai-chatbot-1",
            "role": "roles/artifactregistry.writer"
          },
          "sensitive_attributes": [],
          "identity_schema_version": 0,
          "private": "bnVsbA==",
          "dependencies": [
            "data.google_project.current",
            "google_project_service.artifactregistry_api"
          ]
        }
      ]
    },
    {
      "mode": "managed",
      "type": "google_project_iam_member",
      "name": "compute_sa_artifact_registry_writer",
      "provider": "provider[\"registry.terraform.io/hashicorp/google\"]",
      "instances": [
        {
          "schema_version": 0,
          "attributes": {
            "condition": [],
            "etag": "BwZDYjg+6K0=",
            "id": "iai-chatbot-1/roles/artifactregistry.writer/serviceAccount:546077050389-compute@developer.gserviceaccount.com",
            "member": "serviceAccount:546077050389-compute@developer.gserviceaccount.com",
            "project": "iai-chatbot-1",
            "role": "roles/artifactregistry.writer"
          },
          "sensitive_attributes": [],
          "identity_schema_version": 0,
          "private": "bnVsbA==",
          "dependencies": [
            "data.google_project.current",
            "google_project_service.artifactregistry_api"
          ]
        }
      ]
    },
    {
      "mode": "managed",
      "type": "google_project_service",
      "name": "artifactregistry_api",
      "provider": "provider[\"registry.terraform.io/hashicorp/google\"]",
      "instances": [
        {
          "schema_version": 0,
          "attributes": {
            "disable_dependent_services": null,
            "disable_on_destroy": false,
            "id": "iai-chatbot-1/artifactregistry.googleapis.com",
            "project": "iai-chatbot-1",
            "service": "artifactregistry.googleapis.com",
            "timeouts": null
          },
          "sensitive_attributes": [],
          "identity_schema_version": 0,
          "private": "eyJlMmJmYjczMC1lY2FhLTExZTYtOGY4OC0zNDM2M2JjN2M0YzAiOnsiY3JlYXRlIjoxMjAwMDAwMDAwMDAwLCJkZWxldGUiOjEyMDAwMDAwMDAwMDAsInJlYWQiOjYwMDAwMDAwMDAwMCwidXBkYXRlIjoxMjAwMDAwMDAwMDAwfX0="
        }
      ]
    },
    {
      "mode": "managed",
      "type": "google_project_service",
      "name": "cloudbuild_api",
      "provider": "provider[\"registry.terraform.io/hashicorp/google\"]",
      "instances": [
        {
          "schema_version": 0,
          "attributes": {
            "disable_dependent_services": null,
            "disable_on_destroy": false,
            "id": "iai-chatbot-1/cloudbuild.googleapis.com",
            "project": "iai-chatbot-1",
            "service": "cloudbuild.googleapis.com",
            "timeouts": null
          },
          "sensitive_attributes": [],
          "identity_schema_version": 0,
          "private": "eyJlMmJmYjczMC1lY2FhLTExZTYtOGY4OC0zNDM2M2JjN2M0YzAiOnsiY3JlYXRlIjoxMjAwMDAwMDAwMDAwLCJkZWxldGUiOjEyMDAwMDAwMDAwMDAsInJlYWQiOjYwMDAwMDAwMDAwMCwidXBkYXRlIjoxMjAwMDAwMDAwMDAwfX0="
        }
      ]
    },
    {
      "mode": "managed",
      "type": "google_project_service",
      "name": "secretmanager_api",
      "provider": "provider[\"registry.terraform.io/hashicorp/google\"]",
      "instances": [
        {
          "schema_version": 0,
          "attributes": {
            "disable_dependent_services": null,
            "disable_on_destroy": false,
            "id": "iai-chatbot-1/secretmanager.googleapis.com",
            "project": "iai-chatbot-1",
            "service": "secretmanager.googleapis.com",
            "timeouts": null
          },
          "sensitive_attributes": [],
          "identity_schema_version": 0,
          "private": "eyJlMmJmYjczMC1lY2FhLTExZTYtOGY4OC0zNDM2M2JjN2M0YzAiOnsiY3JlYXRlIjoxMjAwMDAwMDAwMDAwLCJkZWxldGUiOjEyMDAwMDAwMDAwMDAsInJlYWQiOjYwMDAwMDAwMDAwMCwidXBkYXRlIjoxMjAwMDAwMDAwMDAwfX0="
        }
      ]
    },
    {
      "mode": "managed",
      "type": "google_secret_manager_secret",
      "name": "crm_api_key_secret",
      "provider": "provider[\"registry.terraform.io/hashicorp/google\"]",
      "instances": [
        {
          "schema_version": 0,
          "attributes": {
            "annotations": {},
            "create_time": "2025-11-12T09:44:17.381560Z",
            "deletion_protection": false,
            "effective_annotations": {},
            "effective_labels": {
              "goog-terraform-provisioned": "true"
            },
            "expire_time": "",
            "id": "projects/iai-chatbot-1/secrets/CRM_API_KEY",
            "labels": {},
            "name": "projects/546077050389/secrets/CRM_API_KEY",
            "project": "iai-chatbot-1",
            "replication": [
              {
                "auto": [],
                "user_managed": [
                  {
                    "replicas": [
                      {
                        "customer_managed_encryption": [],
                        "location": "europe-west2"
                      }
                    ]
                  }
                ]
              }
            ],
            "rotation": [],
            "secret_id": "CRM_API_KEY",
            "tags": null,
            "terraform_labels": {
              "goog-terraform-provisioned": "true"
            },
            "timeouts": null,
            "topics": [],
            "ttl": null,
            "version_aliases": {},
            "version_destroy_ttl": ""
          },
          "sensitive_attributes": [],
          "identity_schema_version": 0,
          "private": "eyJlMmJmYjczMC1lY2FhLTExZTYtOGY4OC0zNDM2M2JjN2M0YzAiOnsiY3JlYXRlIjoxMjAwMDAwMDAwMDAwLCJkZWxldGUiOjEyMDAwMDAwMDAwMDAsInVwZGF0ZSI6MTIwMDAwMDAwMDAwMH19",
          "dependencies": [
            "google_project_service.secretmanager_api"
          ]
        }
      ]
    },
    {
      "mode": "managed",
      "type": "google_secret_manager_secret_iam_member",
      "name": "secret_accessor",
      "provider": "provider[\"registry.terraform.io/hashicorp/google\"]",
      "instances": [
        {
          "schema_version": 0,
          "attributes": {
            "condition": [],
            "etag": "BwZDYpvHVug=",
            "id": "projects/iai-chatbot-1/secrets/CRM_API_KEY/roles/secretmanager.secretAccessor/serviceAccount:lead-capture-handler-sa@iai-chatbot-1.iam.gserviceaccount.com",
            "member": "serviceAccount:lead-capture-handler-sa@iai-chatbot-1.iam.gserviceaccount.com",
            "project": "iai-chatbot-1",
            "role": "roles/secretmanager.secretAccessor",
            "secret_id": "projects/iai-chatbot-1/secrets/CRM_API_KEY"
          },
          "sensitive_attributes": [],
          "identity_schema_version": 0,
          "private": "bnVsbA==",
          "dependencies": [
            "google_project_service.secretmanager_api",
            "google_secret_manager_secret.crm_api_key_secret",
            "google_service_account.function_sa"
          ]
        }
      ]
    },
    {
      "mode": "managed",
      "type": "google_service_account",
      "name": "function_sa",
      "provider": "provider[\"registry.terraform.io/hashicorp/google\"]",
      "instances": [
        {
          "schema_version": 0,
          "attributes": {
            "account_id": "lead-capture-handler-sa",
            "create_ignore_already_exists": null,
            "description": "",
            "disabled": false,
            "display_name": "SA for lead-capture-handler",
            "email": "lead-capture-handler-sa@iai-chatbot-1.iam.gserviceaccount.com",
            "id": "projects/iai-chatbot-1/serviceAccounts/lead-capture-handler-sa@iai-chatbot-1.iam.gserviceaccount.com",
            "member": "serviceAccount:lead-capture-handler-sa@iai-chatbot-1.iam.gserviceaccount.com",
            "name": "projects/iai-chatbot-1/serviceAccounts/lead-capture-handler-sa@iai-chatbot-1.iam.gserviceaccount.com",
            "project": "iai-chatbot-1",
            "timeouts": null,
            "unique_id": "118035591324285787496"
          },
          "sensitive_attributes": [],
          "identity_schema_version": 0,
          "private": "eyJlMmJmYjczMC1lY2FhLTExZTYtOGY4OC0zNDM2M2JjN2M0YzAiOnsiY3JlYXRlIjozMDAwMDAwMDAwMDB9fQ=="
        }
      ]
    },
    {
      "mode": "managed",
      "type": "google_service_account_iam_member",
      "name": "cf_run_sa_user",
      "provider": "provider[\"registry.terraform.io/hashicorp/google\"]",
      "instances": [
        {
          "schema_version": 0,
          "attributes": {
            "condition": [],
            "etag": "BwZDVMaRiB0=",
            "id": "projects/iai-chatbot-1/serviceAccounts/lead-capture-handler-sa@iai-chatbot-1.iam.gserviceaccount.com/roles/iam.serviceAccountUser/serviceAccount:service-546077050389@serverless-robot-prod.iam.gserviceaccount.com",
            "member": "serviceAccount:service-546077050389@serverless-robot-prod.iam.gserviceaccount.com",
            "role": "roles/iam.serviceAccountUser",
            "service_account_id": "projects/iai-chatbot-1/serviceAccounts/lead-capture-handler-sa@iai-chatbot-1.iam.gserviceaccount.com"
          },
          "sensitive_attributes": [],
          "identity_schema_version": 0,
          "private": "bnVsbA==",
          "dependencies": [
            "data.google_project.current",
            "google_service_account.function_sa"
          ]
        }
      ]
    },
    {
      "mode": "managed",
      "type": "google_service_account_iam_member",
      "name": "cf_sa_user",
      "provider": "provider[\"registry.terraform.io/hashicorp/google\"]",
      "instances": [
        {
          "schema_version": 0,
          "attributes": {
            "condition": [],
            "etag": "BwZDVMaRiB0=",
            "id": "projects/iai-chatbot-1/serviceAccounts/lead-capture-handler-sa@iai-chatbot-1.iam.gserviceaccount.com/roles/iam.serviceAccountUser/serviceAccount:546077050389@cloudbuild.gserviceaccount.com",
            "member": "serviceAccount:546077050389@cloudbuild.gserviceaccount.com",
            "role": "roles/iam.serviceAccountUser",
            "service_account_id": "projects/iai-chatbot-1/serviceAccounts/lead-capture-handler-sa@iai-chatbot-1.iam.gserviceaccount.com"
          },
          "sensitive_attributes": [],
          "identity_schema_version": 0,
          "private": "bnVsbA==",
          "dependencies": [
            "data.google_project.current",
            "google_service_account.function_sa"
          ]
        }
      ]
    },
    {
      "mode": "managed",
      "type": "google_storage_bucket",
      "name": "source_bucket",
      "provider": "provider[\"registry.terraform.io/hashicorp/google\"]",
      "instances": [
        {
          "schema_version": 4,
          "attributes": {
            "autoclass": [],
            "cors": [],
            "custom_placement_config": [],
            "default_event_based_hold": false,
            "effective_labels": {
              "goog-terraform-provisioned": "true"
            },
            "enable_object_retention": false,
            "encryption": [],
            "force_destroy": false,
            "hierarchical_namespace": [
              {
                "enabled": false
              }
            ],
            "id": "iai-chatbot-1-cf-source",
            "ip_filter": [],
            "labels": {},
            "lifecycle_rule": [],
            "location": "EUROPE-WEST2",
            "logging": [],
            "name": "iai-chatbot-1-cf-source",
            "project": "iai-chatbot-1",
            "project_number": 546077050389,
            "public_access_prevention": "inherited",
            "requester_pays": false,
            "retention_policy": [],
            "rpo": null,
            "self_link": "https://www.googleapis.com/storage/v1/b/iai-chatbot-1-cf-source",
            "soft_delete_policy": [
              {
                "effective_time": "2025-11-11T16:11:04.593Z",
                "retention_duration_seconds": 604800
              }
            ],
            "storage_class": "STANDARD",
            "terraform_labels": {
              "goog-terraform-provisioned": "true"
            },
            "time_created": "2025-11-11T16:11:04.593Z",
            "timeouts": null,
            "uniform_bucket_level_access": true,
            "updated": "2025-11-12T09:00:33.452Z",
            "url": "gs://iai-chatbot-1-cf-source",
            "versioning": [],
            "website": []
          },
          "sensitive_attributes": [],
          "identity_schema_version": 0,
          "private": "eyJlMmJmYjczMC1lY2FhLTExZTYtOGY4OC0zNDM2M2JjN2M0YzAiOnsiY3JlYXRlIjo2MDAwMDAwMDAwMDAsInJlYWQiOjI0MDAwMDAwMDAwMCwidXBkYXRlIjoyNDAwMDAwMDAwMDB9LCJzY2hlbWFfdmVyc2lvbiI6IjQifQ=="
        }
      ]
    },
    {
      "mode": "managed",
      "type": "google_storage_bucket_iam_member",
      "name": "cloudbuild_gcs_reader",
      "provider": "provider[\"registry.terraform.io/hashicorp/google\"]",
      "instances": [
        {
          "schema_version": 0,
          "attributes": {
            "bucket": "b/iai-chatbot-1-cf-source",
            "condition": [],
            "etag": "CAM=",
            "id": "b/iai-chatbot-1-cf-source/roles/storage.objectViewer/serviceAccount:546077050389@cloudbuild.gserviceaccount.com",
            "member": "serviceAccount:546077050389@cloudbuild.gserviceaccount.com",
            "role": "roles/storage.objectViewer",
            "timeouts": null
          },
          "sensitive_attributes": [],
          "identity_schema_version": 0,
          "private": "eyJlMmJmYjczMC1lY2FhLTExZTYtOGY4OC0zNDM2M2JjN2M0YzAiOnsiY3JlYXRlIjoxMjAwMDAwMDAwMDAwfX0=",
          "dependencies": [
            "data.google_project.current",
            "google_storage_bucket.source_bucket"
          ]
        }
      ]
    },
    {
      "mode": "managed",
      "type": "google_storage_bucket_object",
      "name": "source_zip",
      "provider": "provider[\"registry.terraform.io/hashicorp/google\"]",
      "instances": [
        {
          "schema_version": 0,
          "attributes": {
            "bucket": "iai-chatbot-1-cf-source",
            "cache_control": "",
            "content": null,
            "content_disposition": "",
            "content_encoding": "",
            "content_language": "",
            "content_type": "application/zip",
            "crc32c": "HFVkJA==",
            "customer_encryption": [],
            "deletion_policy": null,
            "detect_md5hash": "6S32XD2aJJHivLPDslra5A==",
            "event_based_hold": false,
            "force_empty_content_type": null,
            "generation": 1762938033087639,
            "id": "iai-chatbot-1-cf-source-source.zip",
            "kms_key_name": "",
            "md5hash": "6S32XD2aJJHivLPDslra5A==",
            "md5hexhash": "e92df65c3d9a2491e2bcb3c3b25adae4",
            "media_link": "https://storage.googleapis.com/download/storage/v1/b/iai-chatbot-1-cf-source/o/source.zip?generation=1762938033087639\u0026alt=media",
            "metadata": {},
            "name": "source.zip",
            "output_name": "source.zip",
            "retention": [],
            "self_link": "https://www.googleapis.com/storage/v1/b/iai-chatbot-1-cf-source/o/source.zip",
            "source": "source.zip",
            "source_md5hash": "",
            "storage_class": "STANDARD",
            "temporary_hold": false,
            "timeouts": null
          },
          "sensitive_attributes": [
            [
              {
                "type": "get_attr",
                "value": "content"
              }
            ]
          ],
          "identity_schema_version": 0,
          "private": "eyJlMmJmYjczMC1lY2FhLTExZTYtOGY4OC0zNDM2M2JjN2M0YzAiOnsiY3JlYXRlIjoyNDAwMDAwMDAwMDAsImRlbGV0ZSI6MjQwMDAwMDAwMDAwLCJ1cGRhdGUiOjI0MDAwMDAwMDAwMH19",
          "dependencies": [
            "google_storage_bucket.source_bucket"
          ]
        }
      ]
    }
  ],
  "check_results": null
}
